// !$*UTF8*$!
{
	archiveVersion = 1;
	classes = {
	};
	objectVersion = 55;
	objects = {

/* Begin PBXBuildFile section */
		4A41F4D1299AACC2009BEF18 /* AppDelegate.swift in Sources */ = {isa = PBXBuildFile; fileRef = 4A41F4D0299AACC2009BEF18 /* AppDelegate.swift */; };
		4A41F4D3299AACC2009BEF18 /* SceneDelegate.swift in Sources */ = {isa = PBXBuildFile; fileRef = 4A41F4D2299AACC2009BEF18 /* SceneDelegate.swift */; };
		4A41F4D5299AACC2009BEF18 /* CalculatorVC.swift in Sources */ = {isa = PBXBuildFile; fileRef = 4A41F4D4299AACC2009BEF18 /* CalculatorVC.swift */; };
		4A41F4D8299AACC2009BEF18 /* Main.storyboard in Resources */ = {isa = PBXBuildFile; fileRef = 4A41F4D6299AACC2009BEF18 /* Main.storyboard */; };
		4A41F4DA299AACC3009BEF18 /* Assets.xcassets in Resources */ = {isa = PBXBuildFile; fileRef = 4A41F4D9299AACC3009BEF18 /* Assets.xcassets */; };
		4A41F4DD299AACC3009BEF18 /* LaunchScreen.storyboard in Resources */ = {isa = PBXBuildFile; fileRef = 4A41F4DB299AACC3009BEF18 /* LaunchScreen.storyboard */; };
		4A41F4E8299AACC3009BEF18 /* PamidalaCalculatorAppTests.swift in Sources */ = {isa = PBXBuildFile; fileRef = 4A41F4E7299AACC3009BEF18 /* PamidalaCalculatorAppTests.swift */; };
		4A41F4F2299AACC3009BEF18 /* PamidalaCalculatorAppUITests.swift in Sources */ = {isa = PBXBuildFile; fileRef = 4A41F4F1299AACC3009BEF18 /* PamidalaCalculatorAppUITests.swift */; };
		4A41F4F4299AACC3009BEF18 /* PamidalaCalculatorAppUITestsLaunchTests.swift in Sources */ = {isa = PBXBuildFile; fileRef = 4A41F4F3299AACC3009BEF18 /* PamidalaCalculatorAppUITestsLaunchTests.swift */; };
		4A623080299AD22A0090B6AB /* MathExpression in Frameworks */ = {isa = PBXBuildFile; productRef = 4A62307F299AD22A0090B6AB /* MathExpression */; };
/* End PBXBuildFile section */

/* Begin PBXContainerItemProxy section */
		4A41F4E4299AACC3009BEF18 /* PBXContainerItemProxy */ = {
			isa = PBXContainerItemProxy;
			containerPortal = 4A41F4C5299AACC2009BEF18 /* Project object */;
			proxyType = 1;
			remoteGlobalIDString = 4A41F4CC299AACC2009BEF18;
			remoteInfo = PamidalaCalculatorApp;
		};
		4A41F4EE299AACC3009BEF18 /* PBXContainerItemProxy */ = {
			isa = PBXContainerItemProxy;
			containerPortal = 4A41F4C5299AACC2009BEF18 /* Project object */;
			proxyType = 1;
			remoteGlobalIDString = 4A41F4CC299AACC2009BEF18;
			remoteInfo = PamidalaCalculatorApp;
		};
/* End PBXContainerItemProxy section */

/* Begin PBXFileReference section */
		4A41F4CD299AACC2009BEF18 /* PamidalaCalculatorApp.app */ = {isa = PBXFileReference; explicitFileType = wrapper.application; includeInIndex = 0; path = PamidalaCalculatorApp.app; sourceTree = BUILT_PRODUCTS_DIR; };
		4A41F4D0299AACC2009BEF18 /* AppDelegate.swift */ = {isa = PBXFileReference; lastKnownFileType = sourcecode.swift; path = AppDelegate.swift; sourceTree = "<group>"; };
		4A41F4D2299AACC2009BEF18 /* SceneDelegate.swift */ = {isa = PBXFileReference; lastKnownFileType = sourcecode.swift; path = SceneDelegate.swift; sourceTree = "<group>"; };
		4A41F4D4299AACC2009BEF18 /* CalculatorVC.swift */ = {isa = PBXFileReference; lastKnownFileType = sourcecode.swift; path = CalculatorVC.swift; sourceTree = "<group>"; };
		4A41F4D7299AACC2009BEF18 /* Base */ = {isa = PBXFileReference; lastKnownFileType = file.storyboard; name = Base; path = Base.lproj/Main.storyboard; sourceTree = "<group>"; };
		4A41F4D9299AACC3009BEF18 /* Assets.xcassets */ = {isa = PBXFileReference; lastKnownFileType = folder.assetcatalog; path = Assets.xcassets; sourceTree = "<group>"; };
		4A41F4DC299AACC3009BEF18 /* Base */ = {isa = PBXFileReference; lastKnownFileType = file.storyboard; name = Base; path = Base.lproj/LaunchScreen.storyboard; sourceTree = "<group>"; };
		4A41F4DE299AACC3009BEF18 /* Info.plist */ = {isa = PBXFileReference; lastKnownFileType = text.plist.xml; path = Info.plist; sourceTree = "<group>"; };
		4A41F4E3299AACC3009BEF18 /* PamidalaCalculatorAppTests.xctest */ = {isa = PBXFileReference; explicitFileType = wrapper.cfbundle; includeInIndex = 0; path = PamidalaCalculatorAppTests.xctest; sourceTree = BUILT_PRODUCTS_DIR; };
		4A41F4E7299AACC3009BEF18 /* PamidalaCalculatorAppTests.swift */ = {isa = PBXFileReference; lastKnownFileType = sourcecode.swift; path = PamidalaCalculatorAppTests.swift; sourceTree = "<group>"; };
		4A41F4ED299AACC3009BEF18 /* PamidalaCalculatorAppUITests.xctest */ = {isa = PBXFileReference; explicitFileType = wrapper.cfbundle; includeInIndex = 0; path = PamidalaCalculatorAppUITests.xctest; sourceTree = BUILT_PRODUCTS_DIR; };
		4A41F4F1299AACC3009BEF18 /* PamidalaCalculatorAppUITests.swift */ = {isa = PBXFileReference; lastKnownFileType = sourcecode.swift; path = PamidalaCalculatorAppUITests.swift; sourceTree = "<group>"; };
		4A41F4F3299AACC3009BEF18 /* PamidalaCalculatorAppUITestsLaunchTests.swift */ = {isa = PBXFileReference; lastKnownFileType = sourcecode.swift; path = PamidalaCalculatorAppUITestsLaunchTests.swift; sourceTree = "<group>"; };
/* End PBXFileReference section */

/* Begin PBXFrameworksBuildPhase section */
		4A41F4CA299AACC2009BEF18 /* Frameworks */ = {
			isa = PBXFrameworksBuildPhase;
			buildActionMask = 2147483647;
			files = (
				4A623080299AD22A0090B6AB /* MathExpression in Frameworks */,
			);
			runOnlyForDeploymentPostprocessing = 0;
		};
		4A41F4E0299AACC3009BEF18 /* Frameworks */ = {
			isa = PBXFrameworksBuildPhase;
			buildActionMask = 2147483647;
			files = (
			);
			runOnlyForDeploymentPostprocessing = 0;
		};
		4A41F4EA299AACC3009BEF18 /* Frameworks */ = {
			isa = PBXFrameworksBuildPhase;
			buildActionMask = 2147483647;
			files = (
			);
			runOnlyForDeploymentPostprocessing = 0;
		};
/* End PBXFrameworksBuildPhase section */

/* Begin PBXGroup section */
		4A41F4C4299AACC2009BEF18 = {
			isa = PBXGroup;
			children = (
				4A41F4CF299AACC2009BEF18 /* PamidalaCalculatorApp */,
				4A41F4E6299AACC3009BEF18 /* PamidalaCalculatorAppTests */,
				4A41F4F0299AACC3009BEF18 /* PamidalaCalculatorAppUITests */,
				4A41F4CE299AACC2009BEF18 /* Products */,
			);
			sourceTree = "<group>";
		};
		4A41F4CE299AACC2009BEF18 /* Products */ = {
			isa = PBXGroup;
			children = (
				4A41F4CD299AACC2009BEF18 /* PamidalaCalculatorApp.app */,
				4A41F4E3299AACC3009BEF18 /* PamidalaCalculatorAppTests.xctest */,
				4A41F4ED299AACC3009BEF18 /* PamidalaCalculatorAppUITests.xctest */,
			);
			name = Products;
			sourceTree = "<group>";
		};
		4A41F4CF299AACC2009BEF18 /* PamidalaCalculatorApp */ = {
			isa = PBXGroup;
			children = (
				4A41F4D0299AACC2009BEF18 /* AppDelegate.swift */,
				4A41F4D2299AACC2009BEF18 /* SceneDelegate.swift */,
				4A41F4D4299AACC2009BEF18 /* CalculatorVC.swift */,
				4A41F4D6299AACC2009BEF18 /* Main.storyboard */,
				4A41F4D9299AACC3009BEF18 /* Assets.xcassets */,
				4A41F4DB299AACC3009BEF18 /* LaunchScreen.storyboard */,
				4A41F4DE299AACC3009BEF18 /* Info.plist */,
			);
			path = PamidalaCalculatorApp;
			sourceTree = "<group>";
		};
		4A41F4E6299AACC3009BEF18 /* PamidalaCalculatorAppTests */ = {
			isa = PBXGroup;
			children = (
				4A41F4E7299AACC3009BEF18 /* PamidalaCalculatorAppTests.swift */,
			);
			path = PamidalaCalculatorAppTests;
			sourceTree = "<group>";
		};
		4A41F4F0299AACC3009BEF18 /* PamidalaCalculatorAppUITests */ = {
			isa = PBXGroup;
			children = (
				4A41F4F1299AACC3009BEF18 /* PamidalaCalculatorAppUITests.swift */,
				4A41F4F3299AACC3009BEF18 /* PamidalaCalculatorAppUITestsLaunchTests.swift */,
			);
			path = PamidalaCalculatorAppUITests;
			sourceTree = "<group>";
		};
/* End PBXGroup section */

/* Begin PBXNativeTarget section */
		4A41F4CC299AACC2009BEF18 /* PamidalaCalculatorApp */ = {
			isa = PBXNativeTarget;
			buildConfigurationList = 4A41F4F7299AACC3009BEF18 /* Build configuration list for PBXNativeTarget "PamidalaCalculatorApp" */;
			buildPhases = (
				4A41F4C9299AACC2009BEF18 /* Sources */,
				4A41F4CA299AACC2009BEF18 /* Frameworks */,
				4A41F4CB299AACC2009BEF18 /* Resources */,
			);
			buildRules = (
			);
			dependencies = (
			);
			name = PamidalaCalculatorApp;
			packageProductDependencies = (
				4A62307F299AD22A0090B6AB /* MathExpression */,
			);
			productName = PamidalaCalculatorApp;
			productReference = 4A41F4CD299AACC2009BEF18 /* PamidalaCalculatorApp.app */;
			productType = "com.apple.product-type.application";
		};
		4A41F4E2299AACC3009BEF18 /* PamidalaCalculatorAppTests */ = {
			isa = PBXNativeTarget;
			buildConfigurationList = 4A41F4FA299AACC3009BEF18 /* Build configuration list for PBXNativeTarget "PamidalaCalculatorAppTests" */;
			buildPhases = (
				4A41F4DF299AACC3009BEF18 /* Sources */,
				4A41F4E0299AACC3009BEF18 /* Frameworks */,
				4A41F4E1299AACC3009BEF18 /* Resources */,
			);
			buildRules = (
			);
			dependencies = (
				4A41F4E5299AACC3009BEF18 /* PBXTargetDependency */,
			);
			name = PamidalaCalculatorAppTests;
			productName = PamidalaCalculatorAppTests;
			productReference = 4A41F4E3299AACC3009BEF18 /* PamidalaCalculatorAppTests.xctest */;
			productType = "com.apple.product-type.bundle.unit-test";
		};
		4A41F4EC299AACC3009BEF18 /* PamidalaCalculatorAppUITests */ = {
			isa = PBXNativeTarget;
			buildConfigurationList = 4A41F4FD299AACC3009BEF18 /* Build configuration list for PBXNativeTarget "PamidalaCalculatorAppUITests" */;
			buildPhases = (
				4A41F4E9299AACC3009BEF18 /* Sources */,
				4A41F4EA299AACC3009BEF18 /* Frameworks */,
				4A41F4EB299AACC3009BEF18 /* Resources */,
			);
			buildRules = (
			);
			dependencies = (
				4A41F4EF299AACC3009BEF18 /* PBXTargetDependency */,
			);
			name = PamidalaCalculatorAppUITests;
			productName = PamidalaCalculatorAppUITests;
			productReference = 4A41F4ED299AACC3009BEF18 /* PamidalaCalculatorAppUITests.xctest */;
			productType = "com.apple.product-type.bundle.ui-testing";
		};
/* End PBXNativeTarget section */

/* Begin PBXProject section */
		4A41F4C5299AACC2009BEF18 /* Project object */ = {
			isa = PBXProject;
			attributes = {
				BuildIndependentTargetsInParallel = 1;
				LastSwiftUpdateCheck = 1340;
				LastUpgradeCheck = 1340;
				TargetAttributes = {
					4A41F4CC299AACC2009BEF18 = {
						CreatedOnToolsVersion = 13.4.1;
					};
					4A41F4E2299AACC3009BEF18 = {
						CreatedOnToolsVersion = 13.4.1;
						TestTargetID = 4A41F4CC299AACC2009BEF18;
					};
					4A41F4EC299AACC3009BEF18 = {
						CreatedOnToolsVersion = 13.4.1;
						TestTargetID = 4A41F4CC299AACC2009BEF18;
					};
				};
			};
			buildConfigurationList = 4A41F4C8299AACC2009BEF18 /* Build configuration list for PBXProject "PamidalaCalculatorApp" */;
			compatibilityVersion = "Xcode 13.0";
			developmentRegion = en;
			hasScannedForEncodings = 0;
			knownRegions = (
				en,
				Base,
			);
			mainGroup = 4A41F4C4299AACC2009BEF18;
			packageReferences = (
				4A62307E299AD22A0090B6AB /* XCRemoteSwiftPackageReference "MathExpression" */,
			);
			productRefGroup = 4A41F4CE299AACC2009BEF18 /* Products */;
			projectDirPath = "";
			projectRoot = "";
			targets = (
				4A41F4CC299AACC2009BEF18 /* PamidalaCalculatorApp */,
				4A41F4E2299AACC3009BEF18 /* PamidalaCalculatorAppTests */,
				4A41F4EC299AACC3009BEF18 /* PamidalaCalculatorAppUITests */,
			);
		};
/* End PBXProject section */

/* Begin PBXResourcesBuildPhase section */
		4A41F4CB299AACC2009BEF18 /* Resources */ = {
			isa = PBXResourcesBuildPhase;
			buildActionMask = 2147483647;
			files = (
				4A41F4DD299AACC3009BEF18 /* LaunchScreen.storyboard in Resources */,
				4A41F4DA299AACC3009BEF18 /* Assets.xcassets in Resources */,
				4A41F4D8299AACC2009BEF18 /* Main.storyboard in Resources */,
			);
			runOnlyForDeploymentPostprocessing = 0;
		};
		4A41F4E1299AACC3009BEF18 /* Resources */ = {
			isa = PBXResourcesBuildPhase;
			buildActionMask = 2147483647;
			files = (
			);
			runOnlyForDeploymentPostprocessing = 0;
		};
		4A41F4EB299AACC3009BEF18 /* Resources */ = {
			isa = PBXResourcesBuildPhase;
			buildActionMask = 2147483647;
			files = (
			);
			runOnlyForDeploymentPostprocessing = 0;
		};
/* End PBXResourcesBuildPhase section */

/* Begin PBXSourcesBuildPhase section */
		4A41F4C9299AACC2009BEF18 /* Sources */ = {
			isa = PBXSourcesBuildPhase;
			buildActionMask = 2147483647;
			files = (
				4A41F4D5299AACC2009BEF18 /* CalculatorVC.swift in Sources */,
				4A41F4D1299AACC2009BEF18 /* AppDelegate.swift in Sources */,
				4A41F4D3299AACC2009BEF18 /* SceneDelegate.swift in Sources */,
			);
			runOnlyForDeploymentPostprocessing = 0;
		};
		4A41F4DF299AACC3009BEF18 /* Sources */ = {
			isa = PBXSourcesBuildPhase;
			buildActionMask = 2147483647;
			files = (
				4A41F4E8299AACC3009BEF18 /* PamidalaCalculatorAppTests.swift in Sources */,
			);
			runOnlyForDeploymentPostprocessing = 0;
		};
		4A41F4E9299AACC3009BEF18 /* Sources */ = {
			isa = PBXSourcesBuildPhase;
			buildActionMask = 2147483647;
			files = (
				4A41F4F2299AACC3009BEF18 /* PamidalaCalculatorAppUITests.swift in Sources */,
				4A41F4F4299AACC3009BEF18 /* PamidalaCalculatorAppUITestsLaunchTests.swift in Sources */,
			);
			runOnlyForDeploymentPostprocessing = 0;
		};
/* End PBXSourcesBuildPhase section */

/* Begin PBXTargetDependency section */
		4A41F4E5299AACC3009BEF18 /* PBXTargetDependency */ = {
			isa = PBXTargetDependency;
			target = 4A41F4CC299AACC2009BEF18 /* PamidalaCalculatorApp */;
			targetProxy = 4A41F4E4299AACC3009BEF18 /* PBXContainerItemProxy */;
		};
		4A41F4EF299AACC3009BEF18 /* PBXTargetDependency */ = {
			isa = PBXTargetDependency;
			target = 4A41F4CC299AACC2009BEF18 /* PamidalaCalculatorApp */;
			targetProxy = 4A41F4EE299AACC3009BEF18 /* PBXContainerItemProxy */;
		};
/* End PBXTargetDependency section */

/* Begin PBXVariantGroup section */
		4A41F4D6299AACC2009BEF18 /* Main.storyboard */ = {
			isa = PBXVariantGroup;
			children = (
				4A41F4D7299AACC2009BEF18 /* Base */,
			);
			name = Main.storyboard;
			sourceTree = "<group>";
		};
		4A41F4DB299AACC3009BEF18 /* LaunchScreen.storyboard */ = {
			isa = PBXVariantGroup;
			children = (
				4A41F4DC299AACC3009BEF18 /* Base */,
			);
			name = LaunchScreen.storyboard;
			sourceTree = "<group>";
		};
/* End PBXVariantGroup section */

/* Begin XCBuildConfiguration section */
		4A41F4F5299AACC3009BEF18 /* Debug */ = {
			isa = XCBuildConfiguration;
			buildSettings = {
				ALWAYS_SEARCH_USER_PATHS = NO;
				CLANG_ANALYZER_NONNULL = YES;
				CLANG_ANALYZER_NUMBER_OBJECT_CONVERSION = YES_AGGRESSIVE;
				CLANG_CXX_LANGUAGE_STANDARD = "gnu++17";
				CLANG_ENABLE_MODULES = YES;
				CLANG_ENABLE_OBJC_ARC = YES;
				CLANG_ENABLE_OBJC_WEAK = YES;
				CLANG_WARN_BLOCK_CAPTURE_AUTORELEASING = YES;
				CLANG_WARN_BOOL_CONVERSION = YES;
				CLANG_WARN_COMMA = YES;
				CLANG_WARN_CONSTANT_CONVERSION = YES;
				CLANG_WARN_DEPRECATED_OBJC_IMPLEMENTATIONS = YES;
				CLANG_WARN_DIRECT_OBJC_ISA_USAGE = YES_ERROR;
				CLANG_WARN_DOCUMENTATION_COMMENTS = YES;
				CLANG_WARN_EMPTY_BODY = YES;
				CLANG_WARN_ENUM_CONVERSION = YES;
				CLANG_WARN_INFINITE_RECURSION = YES;
				CLANG_WARN_INT_CONVERSION = YES;
				CLANG_WARN_NON_LITERAL_NULL_CONVERSION = YES;
				CLANG_WARN_OBJC_IMPLICIT_RETAIN_SELF = YES;
				CLANG_WARN_OBJC_LITERAL_CONVERSION = YES;
				CLANG_WARN_OBJC_ROOT_CLASS = YES_ERROR;
				CLANG_WARN_QUOTED_INCLUDE_IN_FRAMEWORK_HEADER = YES;
				CLANG_WARN_RANGE_LOOP_ANALYSIS = YES;
				CLANG_WARN_STRICT_PROTOTYPES = YES;
				CLANG_WARN_SUSPICIOUS_MOVE = YES;
				CLANG_WARN_UNGUARDED_AVAILABILITY = YES_AGGRESSIVE;
				CLANG_WARN_UNREACHABLE_CODE = YES;
				CLANG_WARN__DUPLICATE_METHOD_MATCH = YES;
				COPY_PHASE_STRIP = NO;
				DEBUG_INFORMATION_FORMAT = dwarf;
				ENABLE_STRICT_OBJC_MSGSEND = YES;
				ENABLE_TESTABILITY = YES;
				GCC_C_LANGUAGE_STANDARD = gnu11;
				GCC_DYNAMIC_NO_PIC = NO;
				GCC_NO_COMMON_BLOCKS = YES;
				GCC_OPTIMIZATION_LEVEL = 0;
				GCC_PREPROCESSOR_DEFINITIONS = (
					"DEBUG=1",
					"$(inherited)",
				);
				GCC_WARN_64_TO_32_BIT_CONVERSION = YES;
				GCC_WARN_ABOUT_RETURN_TYPE = YES_ERROR;
				GCC_WARN_UNDECLARED_SELECTOR = YES;
				GCC_WARN_UNINITIALIZED_AUTOS = YES_AGGRESSIVE;
				GCC_WARN_UNUSED_FUNCTION = YES;
				GCC_WARN_UNUSED_VARIABLE = YES;
				IPHONEOS_DEPLOYMENT_TARGET = 15.5;
				MTL_ENABLE_DEBUG_INFO = INCLUDE_SOURCE;
				MTL_FAST_MATH = YES;
				ONLY_ACTIVE_ARCH = YES;
				SDKROOT = iphoneos;
				SWIFT_ACTIVE_COMPILATION_CONDITIONS = DEBUG;
				SWIFT_OPTIMIZATION_LEVEL = "-Onone";
			};
			name = Debug;
		};
		4A41F4F6299AACC3009BEF18 /* Release */ = {
			isa = XCBuildConfiguration;
			buildSettings = {
				ALWAYS_SEARCH_USER_PATHS = NO;
				CLANG_ANALYZER_NONNULL = YES;
				CLANG_ANALYZER_NUMBER_OBJECT_CONVERSION = YES_AGGRESSIVE;
				CLANG_CXX_LANGUAGE_STANDARD = "gnu++17";
				CLANG_ENABLE_MODULES = YES;
				CLANG_ENABLE_OBJC_ARC = YES;
				CLANG_ENABLE_OBJC_WEAK = YES;
				CLANG_WARN_BLOCK_CAPTURE_AUTORELEASING = YES;
				CLANG_WARN_BOOL_CONVERSION = YES;
				CLANG_WARN_COMMA = YES;
				CLANG_WARN_CONSTANT_CONVERSION = YES;
				CLANG_WARN_DEPRECATED_OBJC_IMPLEMENTATIONS = YES;
				CLANG_WARN_DIRECT_OBJC_ISA_USAGE = YES_ERROR;
				CLANG_WARN_DOCUMENTATION_COMMENTS = YES;
				CLANG_WARN_EMPTY_BODY = YES;
				CLANG_WARN_ENUM_CONVERSION = YES;
				CLANG_WARN_INFINITE_RECURSION = YES;
				CLANG_WARN_INT_CONVERSION = YES;
				CLANG_WARN_NON_LITERAL_NULL_CONVERSION = YES;
				CLANG_WARN_OBJC_IMPLICIT_RETAIN_SELF = YES;
				CLANG_WARN_OBJC_LITERAL_CONVERSION = YES;
				CLANG_WARN_OBJC_ROOT_CLASS = YES_ERROR;
				CLANG_WARN_QUOTED_INCLUDE_IN_FRAMEWORK_HEADER = YES;
				CLANG_WARN_RANGE_LOOP_ANALYSIS = YES;
				CLANG_WARN_STRICT_PROTOTYPES = YES;
				CLANG_WARN_SUSPICIOUS_MOVE = YES;
				CLANG_WARN_UNGUARDED_AVAILABILITY = YES_AGGRESSIVE;
				CLANG_WARN_UNREACHABLE_CODE = YES;
				CLANG_WARN__DUPLICATE_METHOD_MATCH = YES;
				COPY_PHASE_STRIP = NO;
				DEBUG_INFORMATION_FORMAT = "dwarf-with-dsym";
				ENABLE_NS_ASSERTIONS = NO;
				ENABLE_STRICT_OBJC_MSGSEND = YES;
				GCC_C_LANGUAGE_STANDARD = gnu11;
				GCC_NO_COMMON_BLOCKS = YES;
				GCC_WARN_64_TO_32_BIT_CONVERSION = YES;
				GCC_WARN_ABOUT_RETURN_TYPE = YES_ERROR;
				GCC_WARN_UNDECLARED_SELECTOR = YES;
				GCC_WARN_UNINITIALIZED_AUTOS = YES_AGGRESSIVE;
				GCC_WARN_UNUSED_FUNCTION = YES;
				GCC_WARN_UNUSED_VARIABLE = YES;
				IPHONEOS_DEPLOYMENT_TARGET = 15.5;
				MTL_ENABLE_DEBUG_INFO = NO;
				MTL_FAST_MATH = YES;
				SDKROOT = iphoneos;
				SWIFT_COMPILATION_MODE = wholemodule;
				SWIFT_OPTIMIZATION_LEVEL = "-O";
				VALIDATE_PRODUCT = YES;
			};
			name = Release;
		};
		4A41F4F8299AACC3009BEF18 /* Debug */ = {
			isa = XCBuildConfiguration;
			buildSettings = {
				ASSETCATALOG_COMPILER_APPICON_NAME = AppIcon;
				ASSETCATALOG_COMPILER_GLOBAL_ACCENT_COLOR_NAME = AccentColor;
				CODE_SIGN_STYLE = Automatic;
				CURRENT_PROJECT_VERSION = 1;
				GENERATE_INFOPLIST_FILE = YES;
				INFOPLIST_FILE = PamidalaCalculatorApp/Info.plist;
				INFOPLIST_KEY_UIApplicationSupportsIndirectInputEvents = YES;
				INFOPLIST_KEY_UILaunchStoryboardName = LaunchScreen;
				INFOPLIST_KEY_UIMainStoryboardFile = Main;
				INFOPLIST_KEY_UISupportedInterfaceOrientations_iPad = "UIInterfaceOrientationPortrait UIInterfaceOrientationPortraitUpsideDown UIInterfaceOrientationLandscapeLeft UIInterfaceOrientationLandscapeRight";
				INFOPLIST_KEY_UISupportedInterfaceOrientations_iPhone = "UIInterfaceOrientationPortrait UIInterfaceOrientationLandscapeLeft UIInterfaceOrientationLandscapeRight";
				LD_RUNPATH_SEARCH_PATHS = (
					"$(inherited)",
					"@executable_path/Frameworks",
				);
				MARKETING_VERSION = 1.0;
				PRODUCT_BUNDLE_IDENTIFIER = edu.northwest.PamidalaCalculatorApp;
				PRODUCT_NAME = "$(TARGET_NAME)";
				SWIFT_EMIT_LOC_STRINGS = YES;
				SWIFT_VERSION = 5.0;
				TARGETED_DEVICE_FAMILY = 1;
			};
			name = Debug;
		};
		4A41F4F9299AACC3009BEF18 /* Release */ = {
			isa = XCBuildConfiguration;
			buildSettings = {
				ASSETCATALOG_COMPILER_APPICON_NAME = AppIcon;
				ASSETCATALOG_COMPILER_GLOBAL_ACCENT_COLOR_NAME = AccentColor;
				CODE_SIGN_STYLE = Automatic;
				CURRENT_PROJECT_VERSION = 1;
				GENERATE_INFOPLIST_FILE = YES;
				INFOPLIST_FILE = PamidalaCalculatorApp/Info.plist;
				INFOPLIST_KEY_UIApplicationSupportsIndirectInputEvents = YES;
				INFOPLIST_KEY_UILaunchStoryboardName = LaunchScreen;
				INFOPLIST_KEY_UIMainStoryboardFile = Main;
				INFOPLIST_KEY_UISupportedInterfaceOrientations_iPad = "UIInterfaceOrientationPortrait UIInterfaceOrientationPortraitUpsideDown UIInterfaceOrientationLandscapeLeft UIInterfaceOrientationLandscapeRight";
				INFOPLIST_KEY_UISupportedInterfaceOrientations_iPhone = "UIInterfaceOrientationPortrait UIInterfaceOrientationLandscapeLeft UIInterfaceOrientationLandscapeRight";
				LD_RUNPATH_SEARCH_PATHS = (
					"$(inherited)",
					"@executable_path/Frameworks",
				);
				MARKETING_VERSION = 1.0;
				PRODUCT_BUNDLE_IDENTIFIER = edu.northwest.PamidalaCalculatorApp;
				PRODUCT_NAME = "$(TARGET_NAME)";
				SWIFT_EMIT_LOC_STRINGS = YES;
				SWIFT_VERSION = 5.0;
				TARGETED_DEVICE_FAMILY = 1;
			};
			name = Release;
		};
		4A41F4FB299AACC3009BEF18 /* Debug */ = {
			isa = XCBuildConfiguration;
			buildSettings = {
				ALWAYS_EMBED_SWIFT_STANDARD_LIBRARIES = YES;
				BUNDLE_LOADER = "$(TEST_HOST)";
				CODE_SIGN_STYLE = Automatic;
				CURRENT_PROJECT_VERSION = 1;
				GENERATE_INFOPLIST_FILE = YES;
				IPHONEOS_DEPLOYMENT_TARGET = 15.5;
				MARKETING_VERSION = 1.0;
				PRODUCT_BUNDLE_IDENTIFIER = edu.northwest.PamidalaCalculatorAppTests;
				PRODUCT_NAME = "$(TARGET_NAME)";
				SWIFT_EMIT_LOC_STRINGS = NO;
				SWIFT_VERSION = 5.0;
				TARGETED_DEVICE_FAMILY = "1,2";
				TEST_HOST = "$(BUILT_PRODUCTS_DIR)/PamidalaCalculatorApp.app/PamidalaCalculatorApp";
			};
			name = Debug;
		};
		4A41F4FC299AACC3009BEF18 /* Release */ = {
			isa = XCBuildConfiguration;
			buildSettings = {
				ALWAYS_EMBED_SWIFT_STANDARD_LIBRARIES = YES;
				BUNDLE_LOADER = "$(TEST_HOST)";
				CODE_SIGN_STYLE = Automatic;
				CURRENT_PROJECT_VERSION = 1;
				GENERATE_INFOPLIST_FILE = YES;
				IPHONEOS_DEPLOYMENT_TARGET = 15.5;
				MARKETING_VERSION = 1.0;
				PRODUCT_BUNDLE_IDENTIFIER = edu.northwest.PamidalaCalculatorAppTests;
				PRODUCT_NAME = "$(TARGET_NAME)";
				SWIFT_EMIT_LOC_STRINGS = NO;
				SWIFT_VERSION = 5.0;
				TARGETED_DEVICE_FAMILY = "1,2";
				TEST_HOST = "$(BUILT_PRODUCTS_DIR)/PamidalaCalculatorApp.app/PamidalaCalculatorApp";
			};
			name = Release;
		};
		4A41F4FE299AACC3009BEF18 /* Debug */ = {
			isa = XCBuildConfiguration;
			buildSettings = {
				ALWAYS_EMBED_SWIFT_STANDARD_LIBRARIES = YES;
				CODE_SIGN_STYLE = Automatic;
				CURRENT_PROJECT_VERSION = 1;
				GENERATE_INFOPLIST_FILE = YES;
				MARKETING_VERSION = 1.0;
				PRODUCT_BUNDLE_IDENTIFIER = edu.northwest.PamidalaCalculatorAppUITests;
				PRODUCT_NAME = "$(TARGET_NAME)";
				SWIFT_EMIT_LOC_STRINGS = NO;
				SWIFT_VERSION = 5.0;
				TARGETED_DEVICE_FAMILY = "1,2";
				TEST_TARGET_NAME = PamidalaCalculatorApp;
			};
			name = Debug;
		};
		4A41F4FF299AACC3009BEF18 /* Release */ = {
			isa = XCBuildConfiguration;
			buildSettings = {
				ALWAYS_EMBED_SWIFT_STANDARD_LIBRARIES = YES;
				CODE_SIGN_STYLE = Automatic;
				CURRENT_PROJECT_VERSION = 1;
				GENERATE_INFOPLIST_FILE = YES;
				MARKETING_VERSION = 1.0;
				PRODUCT_BUNDLE_IDENTIFIER = edu.northwest.PamidalaCalculatorAppUITests;
				PRODUCT_NAME = "$(TARGET_NAME)";
				SWIFT_EMIT_LOC_STRINGS = NO;
				SWIFT_VERSION = 5.0;
				TARGETED_DEVICE_FAMILY = "1,2";
				TEST_TARGET_NAME = PamidalaCalculatorApp;
			};
			name = Release;
		};
/* End XCBuildConfiguration section */

/* Begin XCConfigurationList section */
		4A41F4C8299AACC2009BEF18 /* Build configuration list for PBXProject "PamidalaCalculatorApp" */ = {
			isa = XCConfigurationList;
			buildConfigurations = (
				4A41F4F5299AACC3009BEF18 /* Debug */,
				4A41F4F6299AACC3009BEF18 /* Release */,
			);
			defaultConfigurationIsVisible = 0;
			defaultConfigurationName = Release;
		};
		4A41F4F7299AACC3009BEF18 /* Build configuration list for PBXNativeTarget "PamidalaCalculatorApp" */ = {
			isa = XCConfigurationList;
			buildConfigurations = (
				4A41F4F8299AACC3009BEF18 /* Debug */,
				4A41F4F9299AACC3009BEF18 /* Release */,
			);
			defaultConfigurationIsVisible = 0;
			defaultConfigurationName = Release;
		};
		4A41F4FA299AACC3009BEF18 /* Build configuration list for PBXNativeTarget "PamidalaCalculatorAppTests" */ = {
			isa = XCConfigurationList;
			buildConfigurations = (
				4A41F4FB299AACC3009BEF18 /* Debug */,
				4A41F4FC299AACC3009BEF18 /* Release */,
			);
			defaultConfigurationIsVisible = 0;
			defaultConfigurationName = Release;
		};
		4A41F4FD299AACC3009BEF18 /* Build configuration list for PBXNativeTarget "PamidalaCalculatorAppUITests" */ = {
			isa = XCConfigurationList;
			buildConfigurations = (
				4A41F4FE299AACC3009BEF18 /* Debug */,
				4A41F4FF299AACC3009BEF18 /* Release */,
			);
			defaultConfigurationIsVisible = 0;
			defaultConfigurationName = Release;
		};
/* End XCConfigurationList section */

/* Begin XCRemoteSwiftPackageReference section */
		4A62307E299AD22A0090B6AB /* XCRemoteSwiftPackageReference "MathExpression" */ = {
			isa = XCRemoteSwiftPackageReference;
			repositoryURL = "https://github.com/peredaniel/MathExpression.git";
			requirement = {
				kind = upToNextMajorVersion;
				minimumVersion = 1.0.0;
			};
		};
/* End XCRemoteSwiftPackageReference section */

/* Begin XCSwiftPackageProductDependency section */
		4A62307F299AD22A0090B6AB /* MathExpression */ = {
			isa = XCSwiftPackageProductDependency;
			package = 4A62307E299AD22A0090B6AB /* XCRemoteSwiftPackageReference "MathExpression" */;
			productName = MathExpression;
		};
/* End XCSwiftPackageProductDependency section */
	};
	rootObject = 4A41F4C5299AACC2009BEF18 /* Project object */;
}
